
Microsoft Visual Studio Solution File, Format Version 12.00
# Visual Studio Version 17
VisualStudioVersion = 17.4.33122.133
MinimumVisualStudioVersion = 10.0.40219.1
Project("{FAE04EC0-301F-11D3-BF4B-00C04F79EFBC}") = "Proje", "Proje.csproj", "{2477615B-4344-43C7-BC2B-B6D925CC1156}"
EndProject
Global
	GlobalSection(SolutionConfigurationPlatforms) = preSolution
		Debug|Any CPU = Debug|Any CPU
		Release|Any CPU = Release|Any CPU
	EndGlobalSection
	GlobalSection(ProjectConfigurationPlatforms) = postSolution
		{2477615B-4344-43C7-BC2B-B6D925CC1156}.Debug|Any CPU.ActiveCfg = Debug|Any CPU
		{2477615B-4344-43C7-BC2B-B6D925CC1156}.Debug|Any CPU.Build.0 = Debug|Any CPU
		{2477615B-4344-43C7-BC2B-B6D925CC1156}.Release|Any CPU.ActiveCfg = Release|Any CPU
		{2477615B-4344-43C7-BC2B-B6D925CC1156}.Release|Any CPU.Build.0 = Release|Any CPU
	EndGlobalSection
	GlobalSection(SolutionProperties) = preSolution
		HideSolutionNode = FALSE
	EndGlobalSection
	GlobalSection(ExtensibilityGlobals) = postSolution
		SolutionGuid = {5B5EACF6-4AF5-4905-BAD5-692AD55CCDD1}
	EndGlobalSection
EndGlobal
